
Microsoft Visual Studio Solution File, Format Version 12.00
# Visual Studio Version 17
VisualStudioVersion = 17.9.34701.34
MinimumVisualStudioVersion = 10.0.40219.1
Project("{FAE04EC0-301F-11D3-BF4B-00C04F79EFBC}") = "FinalProject", "FinalProject\FinalProject.csproj", "{4BC31FC6-0D11-4E4F-B467-FC6AC29B1882}"
EndProject
Global
	GlobalSection(SolutionConfigurationPlatforms) = preSolution
		Debug|Any CPU = Debug|Any CPU
		Release|Any CPU = Release|Any CPU
	EndGlobalSection
	GlobalSection(ProjectConfigurationPlatforms) = postSolution
		{4BC31FC6-0D11-4E4F-B467-FC6AC29B1882}.Debug|Any CPU.ActiveCfg = Debug|Any CPU
		{4BC31FC6-0D11-4E4F-B467-FC6AC29B1882}.Debug|Any CPU.Build.0 = Debug|Any CPU
		{4BC31FC6-0D11-4E4F-B467-FC6AC29B1882}.Release|Any CPU.ActiveCfg = Release|Any CPU
		{4BC31FC6-0D11-4E4F-B467-FC6AC29B1882}.Release|Any CPU.Build.0 = Release|Any CPU
	EndGlobalSection
	GlobalSection(SolutionProperties) = preSolution
		HideSolutionNode = FALSE
	EndGlobalSection
	GlobalSection(ExtensibilityGlobals) = postSolution
		SolutionGuid = {A5B9BED2-1F3A-4995-9ABB-8BD2EDDE52EA}
	EndGlobalSection
EndGlobal
